
Microsoft Visual Studio Solution File, Format Version 12.00
# Visual Studio 15
VisualStudioVersion = 15.0.28307.960
MinimumVisualStudioVersion = 10.0.40219.1
Project("{FAE04EC0-301F-11D3-BF4B-00C04F79EFBC}") = "ModBotBackend", "ModBotBackend\ModBotBackend.csproj", "{A6A06267-6FFC-42EC-B1D4-ACCDCBD1AA91}"
EndProject
Global
	GlobalSection(SolutionConfigurationPlatforms) = preSolution
		Debug|Any CPU = Debug|Any CPU
		Release|Any CPU = Release|Any CPU
	EndGlobalSection
	GlobalSection(ProjectConfigurationPlatforms) = postSolution
		{A6A06267-6FFC-42EC-B1D4-ACCDCBD1AA91}.Debug|Any CPU.ActiveCfg = Debug|Any CPU
		{A6A06267-6FFC-42EC-B1D4-ACCDCBD1AA91}.Debug|Any CPU.Build.0 = Debug|Any CPU
		{A6A06267-6FFC-42EC-B1D4-ACCDCBD1AA91}.Release|Any CPU.ActiveCfg = Release|Any CPU
		{A6A06267-6FFC-42EC-B1D4-ACCDCBD1AA91}.Release|Any CPU.Build.0 = Release|Any CPU
	EndGlobalSection
	GlobalSection(SolutionProperties) = preSolution
		HideSolutionNode = FALSE
	EndGlobalSection
	GlobalSection(ExtensibilityGlobals) = postSolution
		SolutionGuid = {C00CEFC6-0882-477C-9B20-A3C41C8640EA}
	EndGlobalSection
EndGlobal
